# THIS IS AN AUTOGENERATED FILE. DO NOT EDIT THIS FILE DIRECTLY.
# yarn lockfile v1


fuse.js@^6.5.3:
  version "6.5.3"
  resolved "https://registry.yarnpkg.com/fuse.js/-/fuse.js-6.5.3.tgz#7446c0acbc4ab0ab36fa602e97499bdb69452b93"
  integrity sha512-sA5etGE7yD/pOqivZRBvUBd/NaL2sjAu6QuSaFoe1H2BrJSkH/T/UXAJ8CdXdw7DvY3Hs8CXKYkDWX7RiP5KOg==
